
Microsoft Visual Studio Solution File, Format Version 12.00
# Visual Studio 15
VisualStudioVersion = 15.0.27428.2015
MinimumVisualStudioVersion = 10.0.40219.1
Project("{FAE04EC0-301F-11D3-BF4B-00C04F79EFBC}") = "TcpIpCommunication.Tests", "TcpIpCommunication.Tests\TcpIpCommunication.Tests.csproj", "{D4AE58D5-E39E-42E8-96C3-9772785F4EFA}"
EndProject
Project("{9A19103F-16F7-4668-BE54-9A1E7A4F7556}") = "TcpIpCommunication.Data", "TcpIpCommunication.Data\TcpIpCommunication.Data.csproj", "{D8EFCF36-F6A0-4F25-9937-1C34152D97B9}"
EndProject
Project("{9A19103F-16F7-4668-BE54-9A1E7A4F7556}") = "TcpIpCommunication.Client", "TcpIpCommunication.Client\TcpIpCommunication.Client.csproj", "{0EB7AE69-D223-4A35-93FB-2A67EFD030A2}"
EndProject
Project("{9A19103F-16F7-4668-BE54-9A1E7A4F7556}") = "TcpIpCommunication.Server", "TcpIpCommunication.Server\TcpIpCommunication.Server.csproj", "{B5B19DBD-A859-4F66-9FA0-2DDDC7FA6104}"
EndProject
Global
	GlobalSection(SolutionConfigurationPlatforms) = preSolution
		Debug|Any CPU = Debug|Any CPU
		Release|Any CPU = Release|Any CPU
	EndGlobalSection
	GlobalSection(ProjectConfigurationPlatforms) = postSolution
		{D4AE58D5-E39E-42E8-96C3-9772785F4EFA}.Debug|Any CPU.ActiveCfg = Debug|Any CPU
		{D4AE58D5-E39E-42E8-96C3-9772785F4EFA}.Debug|Any CPU.Build.0 = Debug|Any CPU
		{D4AE58D5-E39E-42E8-96C3-9772785F4EFA}.Release|Any CPU.ActiveCfg = Release|Any CPU
		{D4AE58D5-E39E-42E8-96C3-9772785F4EFA}.Release|Any CPU.Build.0 = Release|Any CPU
		{D8EFCF36-F6A0-4F25-9937-1C34152D97B9}.Debug|Any CPU.ActiveCfg = Debug|Any CPU
		{D8EFCF36-F6A0-4F25-9937-1C34152D97B9}.Debug|Any CPU.Build.0 = Debug|Any CPU
		{D8EFCF36-F6A0-4F25-9937-1C34152D97B9}.Release|Any CPU.ActiveCfg = Release|Any CPU
		{D8EFCF36-F6A0-4F25-9937-1C34152D97B9}.Release|Any CPU.Build.0 = Release|Any CPU
		{0EB7AE69-D223-4A35-93FB-2A67EFD030A2}.Debug|Any CPU.ActiveCfg = Debug|Any CPU
		{0EB7AE69-D223-4A35-93FB-2A67EFD030A2}.Debug|Any CPU.Build.0 = Debug|Any CPU
		{0EB7AE69-D223-4A35-93FB-2A67EFD030A2}.Release|Any CPU.ActiveCfg = Release|Any CPU
		{0EB7AE69-D223-4A35-93FB-2A67EFD030A2}.Release|Any CPU.Build.0 = Release|Any CPU
		{B5B19DBD-A859-4F66-9FA0-2DDDC7FA6104}.Debug|Any CPU.ActiveCfg = Debug|Any CPU
		{B5B19DBD-A859-4F66-9FA0-2DDDC7FA6104}.Debug|Any CPU.Build.0 = Debug|Any CPU
		{B5B19DBD-A859-4F66-9FA0-2DDDC7FA6104}.Release|Any CPU.ActiveCfg = Release|Any CPU
		{B5B19DBD-A859-4F66-9FA0-2DDDC7FA6104}.Release|Any CPU.Build.0 = Release|Any CPU
	EndGlobalSection
	GlobalSection(SolutionProperties) = preSolution
		HideSolutionNode = FALSE
	EndGlobalSection
	GlobalSection(ExtensibilityGlobals) = postSolution
		SolutionGuid = {3FB69803-6EF9-4AB3-9F19-607108A28558}
	EndGlobalSection
EndGlobal
